{
  "name": "algoliafunction",
  "version": "2.0.0",
  "lockfileVersion": 3,
  "requires": true,
  "packages": {
    "": {
      "name": "algoliafunction",
      "version": "2.0.0",
      "license": "Apache-2.0",
      "dependencies": {
        "@aws-sdk/client-dynamodb": "^3.410.0",
        "@aws-sdk/lib-dynamodb": "^3.410.0",
        "algoliasearch": "^4.20.0",
        "aws-sdk": "^2.1484.0"
      },
      "devDependencies": {
        "@types/aws-lambda": "^8.10.92"
      }
    },
    "node_modules/@algolia/cache-browser-local-storage": {
      "version": "4.20.0",
      "license": "MIT",
      "dependencies": {
        "@algolia/cache-common": "4.20.0"
      }
    },
    "node_modules/@algolia/cache-common": {
      "version": "4.20.0",
      "license": "MIT"
    },
    "node_modules/@algolia/cache-in-memory": {
      "version": "4.20.0",
      "license": "MIT",
      "dependencies": {
        "@algolia/cache-common": "4.20.0"
      }
    },
    "node_modules/@algolia/client-account": {
      "version": "4.20.0",
      "license": "MIT",
      "dependencies": {
        "@algolia/client-common": "4.20.0",
        "@algolia/client-search": "4.20.0",
        "@algolia/transporter": "4.20.0"
      }
    },
    "node_modules/@algolia/client-analytics": {
      "version": "4.20.0",
      "license": "MIT",
      "dependencies": {
        "@algolia/client-common": "4.20.0",
        "@algolia/client-search": "4.20.0",
        "@algolia/requester-common": "4.20.0",
        "@algolia/transporter": "4.20.0"
      }
    },
    "node_modules/@algolia/client-common": {
      "version": "4.20.0",
      "license": "MIT",
      "dependencies": {
        "@algolia/requester-common": "4.20.0",
        "@algolia/transporter": "4.20.0"
      }
    },
    "node_modules/@algolia/client-personalization": {
      "version": "4.20.0",
      "license": "MIT",
      "dependencies": {
        "@algolia/client-common": "4.20.0",
        "@algolia/requester-common": "4.20.0",
        "@algolia/transporter": "4.20.0"
      }
    },
    "node_modules/@algolia/client-search": {
      "version": "4.20.0",
      "license": "MIT",
      "dependencies": {
        "@algolia/client-common": "4.20.0",
        "@algolia/requester-common": "4.20.0",
        "@algolia/transporter": "4.20.0"
      }
    },
    "node_modules/@algolia/logger-common": {
      "version": "4.20.0",
      "license": "MIT"
    },
    "node_modules/@algolia/logger-console": {
      "version": "4.20.0",
      "license": "MIT",
      "dependencies": {
        "@algolia/logger-common": "4.20.0"
      }
    },
    "node_modules/@algolia/requester-browser-xhr": {
      "version": "4.20.0",
      "license": "MIT",
      "dependencies": {
        "@algolia/requester-common": "4.20.0"
      }
    },
    "node_modules/@algolia/requester-common": {
      "version": "4.20.0",
      "license": "MIT"
    },
    "node_modules/@algolia/requester-node-http": {
      "version": "4.20.0",
      "license": "MIT",
      "dependencies": {
        "@algolia/requester-common": "4.20.0"
      }
    },
    "node_modules/@algolia/transporter": {
      "version": "4.20.0",
      "license": "MIT",
      "dependencies": {
        "@algolia/cache-common": "4.20.0",
        "@algolia/logger-common": "4.20.0",
        "@algolia/requester-common": "4.20.0"
      }
    },
    "node_modules/@aws-crypto/crc32": {
      "version": "3.0.0",
      "license": "Apache-2.0",
      "dependencies": {
        "@aws-crypto/util": "^3.0.0",
        "@aws-sdk/types": "^3.222.0",
        "tslib": "^1.11.1"
      }
    },
    "node_modules/@aws-crypto/crc32/node_modules/tslib": {
      "version": "1.14.1",
      "license": "0BSD"
    },
    "node_modules/@aws-crypto/ie11-detection": {
      "version": "3.0.0",
      "license": "Apache-2.0",
      "dependencies": {
        "tslib": "^1.11.1"
      }
    },
    "node_modules/@aws-crypto/ie11-detection/node_modules/tslib": {
      "version": "1.14.1",
      "license": "0BSD"
    },
    "node_modules/@aws-crypto/sha256-browser": {
      "version": "3.0.0",
      "license": "Apache-2.0",
      "dependencies": {
        "@aws-crypto/ie11-detection": "^3.0.0",
        "@aws-crypto/sha256-js": "^3.0.0",
        "@aws-crypto/supports-web-crypto": "^3.0.0",
        "@aws-crypto/util": "^3.0.0",
        "@aws-sdk/types": "^3.222.0",
        "@aws-sdk/util-locate-window": "^3.0.0",
        "@aws-sdk/util-utf8-browser": "^3.0.0",
        "tslib": "^1.11.1"
      }
    },
    "node_modules/@aws-crypto/sha256-browser/node_modules/tslib": {
      "version": "1.14.1",
      "license": "0BSD"
    },
    "node_modules/@aws-crypto/sha256-js": {
      "version": "3.0.0",
      "license": "Apache-2.0",
      "dependencies": {
        "@aws-crypto/util": "^3.0.0",
        "@aws-sdk/types": "^3.222.0",
        "tslib": "^1.11.1"
      }
    },
    "node_modules/@aws-crypto/sha256-js/node_modules/tslib": {
      "version": "1.14.1",
      "license": "0BSD"
    },
    "node_modules/@aws-crypto/supports-web-crypto": {
      "version": "3.0.0",
      "license": "Apache-2.0",
      "dependencies": {
        "tslib": "^1.11.1"
      }
    },
    "node_modules/@aws-crypto/supports-web-crypto/node_modules/tslib": {
      "version": "1.14.1",
      "license": "0BSD"
    },
    "node_modules/@aws-crypto/util": {
      "version": "3.0.0",
      "license": "Apache-2.0",
      "dependencies": {
        "@aws-sdk/types": "^3.222.0",
        "@aws-sdk/util-utf8-browser": "^3.0.0",
        "tslib": "^1.11.1"
      }
    },
    "node_modules/@aws-crypto/util/node_modules/tslib": {
      "version": "1.14.1",
      "license": "0BSD"
    },
    "node_modules/@aws-sdk/client-dynamodb": {
      "version": "3.445.0",
      "resolved": "https://registry.npmjs.org/@aws-sdk/client-dynamodb/-/client-dynamodb-3.445.0.tgz",
      "integrity": "sha512-WhrQkJkTPSONGBoveeAFHX5FIFWZ53O2UIM5D64IIHjzSO/7uCFoXP10Oem2+DskPs8ApDlTW53HzyASXxyU5A==",
      "dependencies": {
        "@aws-crypto/sha256-browser": "3.0.0",
        "@aws-crypto/sha256-js": "3.0.0",
        "@aws-sdk/client-sts": "3.445.0",
        "@aws-sdk/core": "3.445.0",
        "@aws-sdk/credential-provider-node": "3.445.0",
        "@aws-sdk/middleware-endpoint-discovery": "3.433.0",
        "@aws-sdk/middleware-host-header": "3.433.0",
        "@aws-sdk/middleware-logger": "3.433.0",
        "@aws-sdk/middleware-recursion-detection": "3.433.0",
        "@aws-sdk/middleware-signing": "3.433.0",
        "@aws-sdk/middleware-user-agent": "3.438.0",
        "@aws-sdk/region-config-resolver": "3.433.0",
        "@aws-sdk/types": "3.433.0",
        "@aws-sdk/util-endpoints": "3.438.0",
        "@aws-sdk/util-user-agent-browser": "3.433.0",
        "@aws-sdk/util-user-agent-node": "3.437.0",
        "@smithy/config-resolver": "^2.0.16",
        "@smithy/fetch-http-handler": "^2.2.4",
        "@smithy/hash-node": "^2.0.12",
        "@smithy/invalid-dependency": "^2.0.12",
        "@smithy/middleware-content-length": "^2.0.14",
        "@smithy/middleware-endpoint": "^2.1.3",
        "@smithy/middleware-retry": "^2.0.18",
        "@smithy/middleware-serde": "^2.0.12",
        "@smithy/middleware-stack": "^2.0.6",
        "@smithy/node-config-provider": "^2.1.3",
        "@smithy/node-http-handler": "^2.1.8",
        "@smithy/protocol-http": "^3.0.8",
        "@smithy/smithy-client": "^2.1.12",
        "@smithy/types": "^2.4.0",
        "@smithy/url-parser": "^2.0.12",
        "@smithy/util-base64": "^2.0.0",
        "@smithy/util-body-length-browser": "^2.0.0",
        "@smithy/util-body-length-node": "^2.1.0",
        "@smithy/util-defaults-mode-browser": "^2.0.16",
        "@smithy/util-defaults-mode-node": "^2.0.21",
        "@smithy/util-endpoints": "^1.0.2",
        "@smithy/util-retry": "^2.0.5",
        "@smithy/util-utf8": "^2.0.0",
        "@smithy/util-waiter": "^2.0.12",
        "tslib": "^2.5.0",
        "uuid": "^8.3.2"
      },
      "engines": {
        "node": ">=14.0.0"
      }
    },
    "node_modules/@aws-sdk/client-sso": {
      "version": "3.445.0",
      "license": "Apache-2.0",
      "dependencies": {
        "@aws-crypto/sha256-browser": "3.0.0",
        "@aws-crypto/sha256-js": "3.0.0",
        "@aws-sdk/core": "3.445.0",
        "@aws-sdk/middleware-host-header": "3.433.0",
        "@aws-sdk/middleware-logger": "3.433.0",
        "@aws-sdk/middleware-recursion-detection": "3.433.0",
        "@aws-sdk/middleware-user-agent": "3.438.0",
        "@aws-sdk/region-config-resolver": "3.433.0",
        "@aws-sdk/types": "3.433.0",
        "@aws-sdk/util-endpoints": "3.438.0",
        "@aws-sdk/util-user-agent-browser": "3.433.0",
        "@aws-sdk/util-user-agent-node": "3.437.0",
        "@smithy/config-resolver": "^2.0.16",
        "@smithy/fetch-http-handler": "^2.2.4",
        "@smithy/hash-node": "^2.0.12",
        "@smithy/invalid-dependency": "^2.0.12",
        "@smithy/middleware-content-length": "^2.0.14",
        "@smithy/middleware-endpoint": "^2.1.3",
        "@smithy/middleware-retry": "^2.0.18",
        "@smithy/middleware-serde": "^2.0.12",
        "@smithy/middleware-stack": "^2.0.6",
        "@smithy/node-config-provider": "^2.1.3",
        "@smithy/node-http-handler": "^2.1.8",
        "@smithy/protocol-http": "^3.0.8",
        "@smithy/smithy-client": "^2.1.12",
        "@smithy/types": "^2.4.0",
        "@smithy/url-parser": "^2.0.12",
        "@smithy/util-base64": "^2.0.0",
        "@smithy/util-body-length-browser": "^2.0.0",
        "@smithy/util-body-length-node": "^2.1.0",
        "@smithy/util-defaults-mode-browser": "^2.0.16",
        "@smithy/util-defaults-mode-node": "^2.0.21",
        "@smithy/util-endpoints": "^1.0.2",
        "@smithy/util-retry": "^2.0.5",
        "@smithy/util-utf8": "^2.0.0",
        "tslib": "^2.5.0"
      },
      "engines": {
        "node": ">=14.0.0"
      }
    },
    "node_modules/@aws-sdk/client-sts": {
      "version": "3.445.0",
      "resolved": "https://registry.npmjs.org/@aws-sdk/client-sts/-/client-sts-3.445.0.tgz",
      "integrity": "sha512-ogbdqrS8x9O5BTot826iLnTQ6i4/F5BSi/74gycneCxYmAnYnyUBNOWVnynv6XZiEWyDJQCU2UtMd52aNGW1GA==",
      "dependencies": {
        "@aws-crypto/sha256-browser": "3.0.0",
        "@aws-crypto/sha256-js": "3.0.0",
        "@aws-sdk/core": "3.445.0",
        "@aws-sdk/credential-provider-node": "3.445.0",
        "@aws-sdk/middleware-host-header": "3.433.0",
        "@aws-sdk/middleware-logger": "3.433.0",
        "@aws-sdk/middleware-recursion-detection": "3.433.0",
        "@aws-sdk/middleware-sdk-sts": "3.433.0",
        "@aws-sdk/middleware-signing": "3.433.0",
        "@aws-sdk/middleware-user-agent": "3.438.0",
        "@aws-sdk/region-config-resolver": "3.433.0",
        "@aws-sdk/types": "3.433.0",
        "@aws-sdk/util-endpoints": "3.438.0",
        "@aws-sdk/util-user-agent-browser": "3.433.0",
        "@aws-sdk/util-user-agent-node": "3.437.0",
        "@smithy/config-resolver": "^2.0.16",
        "@smithy/fetch-http-handler": "^2.2.4",
        "@smithy/hash-node": "^2.0.12",
        "@smithy/invalid-dependency": "^2.0.12",
        "@smithy/middleware-content-length": "^2.0.14",
        "@smithy/middleware-endpoint": "^2.1.3",
        "@smithy/middleware-retry": "^2.0.18",
        "@smithy/middleware-serde": "^2.0.12",
        "@smithy/middleware-stack": "^2.0.6",
        "@smithy/node-config-provider": "^2.1.3",
        "@smithy/node-http-handler": "^2.1.8",
        "@smithy/protocol-http": "^3.0.8",
        "@smithy/smithy-client": "^2.1.12",
        "@smithy/types": "^2.4.0",
        "@smithy/url-parser": "^2.0.12",
        "@smithy/util-base64": "^2.0.0",
        "@smithy/util-body-length-browser": "^2.0.0",
        "@smithy/util-body-length-node": "^2.1.0",
        "@smithy/util-defaults-mode-browser": "^2.0.16",
        "@smithy/util-defaults-mode-node": "^2.0.21",
        "@smithy/util-endpoints": "^1.0.2",
        "@smithy/util-retry": "^2.0.5",
        "@smithy/util-utf8": "^2.0.0",
        "fast-xml-parser": "4.2.5",
        "tslib": "^2.5.0"
      },
      "engines": {
        "node": ">=14.0.0"
      }
    },
    "node_modules/@aws-sdk/core": {
      "version": "3.445.0",
      "license": "Apache-2.0",
      "dependencies": {
        "@smithy/smithy-client": "^2.1.12",
        "tslib": "^2.5.0"
      },
      "engines": {
        "node": ">=14.0.0"
      }
    },
    "node_modules/@aws-sdk/credential-provider-env": {
      "version": "3.433.0",
      "license": "Apache-2.0",
      "dependencies": {
        "@aws-sdk/types": "3.433.0",
        "@smithy/property-provider": "^2.0.0",
        "@smithy/types": "^2.4.0",
        "tslib": "^2.5.0"
      },
      "engines": {
        "node": ">=14.0.0"
      }
    },
    "node_modules/@aws-sdk/credential-provider-ini": {
      "version": "3.445.0",
      "license": "Apache-2.0",
      "dependencies": {
        "@aws-sdk/credential-provider-env": "3.433.0",
        "@aws-sdk/credential-provider-process": "3.433.0",
        "@aws-sdk/credential-provider-sso": "3.445.0",
        "@aws-sdk/credential-provider-web-identity": "3.433.0",
        "@aws-sdk/types": "3.433.0",
        "@smithy/credential-provider-imds": "^2.0.0",
        "@smithy/property-provider": "^2.0.0",
        "@smithy/shared-ini-file-loader": "^2.0.6",
        "@smithy/types": "^2.4.0",
        "tslib": "^2.5.0"
      },
      "engines": {
        "node": ">=14.0.0"
      }
    },
    "node_modules/@aws-sdk/credential-provider-ini/node_modules/@aws-sdk/credential-provider-sso": {
      "version": "3.445.0",
      "resolved": "https://registry.npmjs.org/@aws-sdk/credential-provider-sso/-/credential-provider-sso-3.445.0.tgz",
      "integrity": "sha512-gJz7kAiDecdhtApgXnxfZsXKsww8BnifDF9MAx9Dr4X6no47qYsCCS3XPuEyRiF9VebXvHOH0H260Zp3bVyniQ==",
      "dependencies": {
        "@aws-sdk/client-sso": "3.445.0",
        "@aws-sdk/token-providers": "3.438.0",
        "@aws-sdk/types": "3.433.0",
        "@smithy/property-provider": "^2.0.0",
        "@smithy/shared-ini-file-loader": "^2.0.6",
        "@smithy/types": "^2.4.0",
        "tslib": "^2.5.0"
      },
      "engines": {
        "node": ">=14.0.0"
      }
    },
    "node_modules/@aws-sdk/credential-provider-node": {
      "version": "3.445.0",
      "resolved": "https://registry.npmjs.org/@aws-sdk/credential-provider-node/-/credential-provider-node-3.445.0.tgz",
      "integrity": "sha512-zI4k4foSjQRKNEsouculRcz7IbLfuqdFxypDLYwn+qPNMqJwWJ7VxOOeBSPUpHFcd7CLSfbHN2JAhQ7M02gPTA==",
      "dependencies": {
        "@aws-sdk/credential-provider-env": "3.433.0",
        "@aws-sdk/credential-provider-ini": "3.445.0",
        "@aws-sdk/credential-provider-process": "3.433.0",
        "@aws-sdk/credential-provider-sso": "3.445.0",
        "@aws-sdk/credential-provider-web-identity": "3.433.0",
        "@aws-sdk/types": "3.433.0",
        "@smithy/credential-provider-imds": "^2.0.0",
        "@smithy/property-provider": "^2.0.0",
        "@smithy/shared-ini-file-loader": "^2.0.6",
        "@smithy/types": "^2.4.0",
        "tslib": "^2.5.0"
      },
      "engines": {
        "node": ">=14.0.0"
      }
    },
    "node_modules/@aws-sdk/credential-provider-node/node_modules/@aws-sdk/credential-provider-sso": {
      "version": "3.445.0",
      "resolved": "https://registry.npmjs.org/@aws-sdk/credential-provider-sso/-/credential-provider-sso-3.445.0.tgz",
      "integrity": "sha512-gJz7kAiDecdhtApgXnxfZsXKsww8BnifDF9MAx9Dr4X6no47qYsCCS3XPuEyRiF9VebXvHOH0H260Zp3bVyniQ==",
      "dependencies": {
        "@aws-sdk/client-sso": "3.445.0",
        "@aws-sdk/token-providers": "3.438.0",
        "@aws-sdk/types": "3.433.0",
        "@smithy/property-provider": "^2.0.0",
        "@smithy/shared-ini-file-loader": "^2.0.6",
        "@smithy/types": "^2.4.0",
        "tslib": "^2.5.0"
      },
      "engines": {
        "node": ">=14.0.0"
      }
    },
    "node_modules/@aws-sdk/credential-provider-process": {
      "version": "3.433.0",
      "license": "Apache-2.0",
      "dependencies": {
        "@aws-sdk/types": "3.433.0",
        "@smithy/property-provider": "^2.0.0",
        "@smithy/shared-ini-file-loader": "^2.0.6",
        "@smithy/types": "^2.4.0",
        "tslib": "^2.5.0"
      },
      "engines": {
        "node": ">=14.0.0"
      }
    },
    "node_modules/@aws-sdk/credential-provider-web-identity": {
      "version": "3.433.0",
      "license": "Apache-2.0",
      "dependencies": {
        "@aws-sdk/types": "3.433.0",
        "@smithy/property-provider": "^2.0.0",
        "@smithy/types": "^2.4.0",
        "tslib": "^2.5.0"
      },
      "engines": {
        "node": ">=14.0.0"
      }
    },
    "node_modules/@aws-sdk/endpoint-cache": {
      "version": "3.310.0",
      "license": "Apache-2.0",
      "dependencies": {
        "mnemonist": "0.38.3",
        "tslib": "^2.5.0"
      },
      "engines": {
        "node": ">=14.0.0"
      }
    },
    "node_modules/@aws-sdk/lib-dynamodb": {
      "version": "3.445.0",
      "license": "Apache-2.0",
      "dependencies": {
        "@aws-sdk/util-dynamodb": "3.445.0",
        "tslib": "^2.5.0"
      },
      "engines": {
        "node": ">=14.0.0"
      },
      "peerDependencies": {
        "@aws-sdk/client-dynamodb": "^3.0.0"
      }
    },
    "node_modules/@aws-sdk/middleware-endpoint-discovery": {
      "version": "3.433.0",
      "license": "Apache-2.0",
      "dependencies": {
        "@aws-sdk/endpoint-cache": "3.310.0",
        "@aws-sdk/types": "3.433.0",
        "@smithy/node-config-provider": "^2.1.3",
        "@smithy/protocol-http": "^3.0.8",
        "@smithy/types": "^2.4.0",
        "tslib": "^2.5.0"
      },
      "engines": {
        "node": ">=14.0.0"
      }
    },
    "node_modules/@aws-sdk/middleware-host-header": {
      "version": "3.433.0",
      "resolved": "https://registry.npmjs.org/@aws-sdk/middleware-host-header/-/middleware-host-header-3.433.0.tgz",
      "integrity": "sha512-mBTq3UWv1UzeHG+OfUQ2MB/5GEkt5LTKFaUqzL7ESwzW8XtpBgXnjZvIwu3Vcd3sEetMwijwaGiJhY0ae/YyaA==",
      "dependencies": {
        "@aws-sdk/types": "3.433.0",
        "@smithy/protocol-http": "^3.0.8",
        "@smithy/types": "^2.4.0",
        "tslib": "^2.5.0"
      },
      "engines": {
        "node": ">=14.0.0"
      }
    },
    "node_modules/@aws-sdk/middleware-logger": {
      "version": "3.433.0",
      "license": "Apache-2.0",
      "dependencies": {
        "@aws-sdk/types": "3.433.0",
        "@smithy/types": "^2.4.0",
        "tslib": "^2.5.0"
      },
      "engines": {
        "node": ">=14.0.0"
      }
    },
    "node_modules/@aws-sdk/middleware-recursion-detection": {
      "version": "3.433.0",
      "resolved": "https://registry.npmjs.org/@aws-sdk/middleware-recursion-detection/-/middleware-recursion-detection-3.433.0.tgz",
      "integrity": "sha512-HEvYC9PQlWY/ccUYtLvAlwwf1iCif2TSAmLNr3YTBRVa98x6jKL0hlCrHWYklFeqOGSKy6XhE+NGJMUII0/HaQ==",
      "dependencies": {
        "@aws-sdk/types": "3.433.0",
        "@smithy/protocol-http": "^3.0.8",
        "@smithy/types": "^2.4.0",
        "tslib": "^2.5.0"
      },
      "engines": {
        "node": ">=14.0.0"
      }
    },
    "node_modules/@aws-sdk/middleware-sdk-sts": {
      "version": "3.433.0",
      "license": "Apache-2.0",
      "dependencies": {
        "@aws-sdk/middleware-signing": "3.433.0",
        "@aws-sdk/types": "3.433.0",
        "@smithy/types": "^2.4.0",
        "tslib": "^2.5.0"
      },
      "engines": {
        "node": ">=14.0.0"
      }
    },
    "node_modules/@aws-sdk/middleware-signing": {
      "version": "3.433.0",
      "resolved": "https://registry.npmjs.org/@aws-sdk/middleware-signing/-/middleware-signing-3.433.0.tgz",
      "integrity": "sha512-jxPvt59NZo/epMNLNTu47ikmP8v0q217I6bQFGJG7JVFnfl36zDktMwGw+0xZR80qiK47/2BWrNpta61Zd2FxQ==",
      "dependencies": {
        "@aws-sdk/types": "3.433.0",
        "@smithy/property-provider": "^2.0.0",
        "@smithy/protocol-http": "^3.0.8",
        "@smithy/signature-v4": "^2.0.0",
        "@smithy/types": "^2.4.0",
        "@smithy/util-middleware": "^2.0.5",
        "tslib": "^2.5.0"
      },
      "engines": {
        "node": ">=14.0.0"
      }
    },
    "node_modules/@aws-sdk/middleware-user-agent": {
      "version": "3.438.0",
      "license": "Apache-2.0",
      "dependencies": {
        "@aws-sdk/types": "3.433.0",
        "@aws-sdk/util-endpoints": "3.438.0",
        "@smithy/protocol-http": "^3.0.8",
        "@smithy/types": "^2.4.0",
        "tslib": "^2.5.0"
      },
      "engines": {
        "node": ">=14.0.0"
      }
    },
    "node_modules/@aws-sdk/region-config-resolver": {
      "version": "3.433.0",
      "license": "Apache-2.0",
      "dependencies": {
        "@smithy/node-config-provider": "^2.1.3",
        "@smithy/types": "^2.4.0",
        "@smithy/util-config-provider": "^2.0.0",
        "@smithy/util-middleware": "^2.0.5",
        "tslib": "^2.5.0"
      },
      "engines": {
        "node": ">=14.0.0"
      }
    },
    "node_modules/@aws-sdk/token-providers": {
      "version": "3.438.0",
      "license": "Apache-2.0",
      "dependencies": {
        "@aws-crypto/sha256-browser": "3.0.0",
        "@aws-crypto/sha256-js": "3.0.0",
        "@aws-sdk/middleware-host-header": "3.433.0",
        "@aws-sdk/middleware-logger": "3.433.0",
        "@aws-sdk/middleware-recursion-detection": "3.433.0",
        "@aws-sdk/middleware-user-agent": "3.438.0",
        "@aws-sdk/region-config-resolver": "3.433.0",
        "@aws-sdk/types": "3.433.0",
        "@aws-sdk/util-endpoints": "3.438.0",
        "@aws-sdk/util-user-agent-browser": "3.433.0",
        "@aws-sdk/util-user-agent-node": "3.437.0",
        "@smithy/config-resolver": "^2.0.16",
        "@smithy/fetch-http-handler": "^2.2.4",
        "@smithy/hash-node": "^2.0.12",
        "@smithy/invalid-dependency": "^2.0.12",
        "@smithy/middleware-content-length": "^2.0.14",
        "@smithy/middleware-endpoint": "^2.1.3",
        "@smithy/middleware-retry": "^2.0.18",
        "@smithy/middleware-serde": "^2.0.12",
        "@smithy/middleware-stack": "^2.0.6",
        "@smithy/node-config-provider": "^2.1.3",
        "@smithy/node-http-handler": "^2.1.8",
        "@smithy/property-provider": "^2.0.0",
        "@smithy/protocol-http": "^3.0.8",
        "@smithy/shared-ini-file-loader": "^2.0.6",
        "@smithy/smithy-client": "^2.1.12",
        "@smithy/types": "^2.4.0",
        "@smithy/url-parser": "^2.0.12",
        "@smithy/util-base64": "^2.0.0",
        "@smithy/util-body-length-browser": "^2.0.0",
        "@smithy/util-body-length-node": "^2.1.0",
        "@smithy/util-defaults-mode-browser": "^2.0.16",
        "@smithy/util-defaults-mode-node": "^2.0.21",
        "@smithy/util-endpoints": "^1.0.2",
        "@smithy/util-retry": "^2.0.5",
        "@smithy/util-utf8": "^2.0.0",
        "tslib": "^2.5.0"
      },
      "engines": {
        "node": ">=14.0.0"
      }
    },
    "node_modules/@aws-sdk/types": {
      "version": "3.433.0",
      "license": "Apache-2.0",
      "dependencies": {
        "@smithy/types": "^2.4.0",
        "tslib": "^2.5.0"
      },
      "engines": {
        "node": ">=14.0.0"
      }
    },
    "node_modules/@aws-sdk/util-dynamodb": {
      "version": "3.445.0",
      "license": "Apache-2.0",
      "dependencies": {
        "tslib": "^2.5.0"
      },
      "engines": {
        "node": ">=14.0.0"
      },
      "peerDependencies": {
        "@aws-sdk/client-dynamodb": "^3.0.0"
      }
    },
    "node_modules/@aws-sdk/util-endpoints": {
      "version": "3.438.0",
      "license": "Apache-2.0",
      "dependencies": {
        "@aws-sdk/types": "3.433.0",
        "@smithy/util-endpoints": "^1.0.2",
        "tslib": "^2.5.0"
      },
      "engines": {
        "node": ">=14.0.0"
      }
    },
    "node_modules/@aws-sdk/util-locate-window": {
      "version": "3.310.0",
      "license": "Apache-2.0",
      "dependencies": {
        "tslib": "^2.5.0"
      },
      "engines": {
        "node": ">=14.0.0"
      }
    },
    "node_modules/@aws-sdk/util-user-agent-browser": {
      "version": "3.433.0",
      "license": "Apache-2.0",
      "dependencies": {
        "@aws-sdk/types": "3.433.0",
        "@smithy/types": "^2.4.0",
        "bowser": "^2.11.0",
        "tslib": "^2.5.0"
      }
    },
    "node_modules/@aws-sdk/util-user-agent-node": {
      "version": "3.437.0",
      "resolved": "https://registry.npmjs.org/@aws-sdk/util-user-agent-node/-/util-user-agent-node-3.437.0.tgz",
      "integrity": "sha512-JVEcvWaniamtYVPem4UthtCNoTBCfFTwYj7Y3CrWZ2Qic4TqrwLkAfaBGtI2TGrhIClVr77uzLI6exqMTN7orA==",
      "dependencies": {
        "@aws-sdk/types": "3.433.0",
        "@smithy/node-config-provider": "^2.1.3",
        "@smithy/types": "^2.4.0",
        "tslib": "^2.5.0"
      },
      "engines": {
        "node": ">=14.0.0"
      },
      "peerDependencies": {
        "aws-crt": ">=1.0.0"
      },
      "peerDependenciesMeta": {
        "aws-crt": {
          "optional": true
        }
      }
    },
    "node_modules/@aws-sdk/util-utf8-browser": {
      "version": "3.259.0",
      "license": "Apache-2.0",
      "dependencies": {
        "tslib": "^2.3.1"
      }
    },
    "node_modules/@smithy/abort-controller": {
      "version": "2.0.12",
      "license": "Apache-2.0",
      "dependencies": {
        "@smithy/types": "^2.4.0",
        "tslib": "^2.5.0"
      },
      "engines": {
        "node": ">=14.0.0"
      }
    },
    "node_modules/@smithy/config-resolver": {
      "version": "2.0.16",
      "license": "Apache-2.0",
      "dependencies": {
        "@smithy/node-config-provider": "^2.1.3",
        "@smithy/types": "^2.4.0",
        "@smithy/util-config-provider": "^2.0.0",
        "@smithy/util-middleware": "^2.0.5",
        "tslib": "^2.5.0"
      },
      "engines": {
        "node": ">=14.0.0"
      }
    },
    "node_modules/@smithy/credential-provider-imds": {
      "version": "2.0.18",
      "license": "Apache-2.0",
      "dependencies": {
        "@smithy/node-config-provider": "^2.1.3",
        "@smithy/property-provider": "^2.0.13",
        "@smithy/types": "^2.4.0",
        "@smithy/url-parser": "^2.0.12",
        "tslib": "^2.5.0"
      },
      "engines": {
        "node": ">=14.0.0"
      }
    },
    "node_modules/@smithy/eventstream-codec": {
      "version": "2.0.12",
      "license": "Apache-2.0",
      "dependencies": {
        "@aws-crypto/crc32": "3.0.0",
        "@smithy/types": "^2.4.0",
        "@smithy/util-hex-encoding": "^2.0.0",
        "tslib": "^2.5.0"
      }
    },
    "node_modules/@smithy/fetch-http-handler": {
      "version": "2.2.4",
      "license": "Apache-2.0",
      "dependencies": {
        "@smithy/protocol-http": "^3.0.8",
        "@smithy/querystring-builder": "^2.0.12",
        "@smithy/types": "^2.4.0",
        "@smithy/util-base64": "^2.0.0",
        "tslib": "^2.5.0"
      }
    },
    "node_modules/@smithy/hash-node": {
      "version": "2.0.12",
      "resolved": "https://registry.npmjs.org/@smithy/hash-node/-/hash-node-2.0.12.tgz",
      "integrity": "sha512-fDZnTr5j9t5qcbeJ037aMZXxMka13Znqwrgy3PAqYj6Dm3XHXHftTH3q+NWgayUxl1992GFtQt1RuEzRMy3NnQ==",
      "dependencies": {
        "@smithy/types": "^2.4.0",
        "@smithy/util-buffer-from": "^2.0.0",
        "@smithy/util-utf8": "^2.0.0",
        "tslib": "^2.5.0"
      },
      "engines": {
        "node": ">=14.0.0"
      }
    },
    "node_modules/@smithy/invalid-dependency": {
      "version": "2.0.12",
      "license": "Apache-2.0",
      "dependencies": {
        "@smithy/types": "^2.4.0",
        "tslib": "^2.5.0"
      }
    },
    "node_modules/@smithy/is-array-buffer": {
      "version": "2.0.0",
      "license": "Apache-2.0",
      "dependencies": {
        "tslib": "^2.5.0"
      },
      "engines": {
        "node": ">=14.0.0"
      }
    },
    "node_modules/@smithy/middleware-content-length": {
      "version": "2.0.14",
      "license": "Apache-2.0",
      "dependencies": {
        "@smithy/protocol-http": "^3.0.8",
        "@smithy/types": "^2.4.0",
        "tslib": "^2.5.0"
      },
      "engines": {
        "node": ">=14.0.0"
      }
    },
    "node_modules/@smithy/middleware-endpoint": {
      "version": "2.1.3",
      "license": "Apache-2.0",
      "dependencies": {
        "@smithy/middleware-serde": "^2.0.12",
        "@smithy/node-config-provider": "^2.1.3",
        "@smithy/shared-ini-file-loader": "^2.2.2",
        "@smithy/types": "^2.4.0",
        "@smithy/url-parser": "^2.0.12",
        "@smithy/util-middleware": "^2.0.5",
        "tslib": "^2.5.0"
      },
      "engines": {
        "node": ">=14.0.0"
      }
    },
    "node_modules/@smithy/middleware-retry": {
      "version": "2.0.18",
      "license": "Apache-2.0",
      "dependencies": {
        "@smithy/node-config-provider": "^2.1.3",
        "@smithy/protocol-http": "^3.0.8",
        "@smithy/service-error-classification": "^2.0.5",
        "@smithy/types": "^2.4.0",
        "@smithy/util-middleware": "^2.0.5",
        "@smithy/util-retry": "^2.0.5",
        "tslib": "^2.5.0",
        "uuid": "^8.3.2"
      },
      "engines": {
        "node": ">=14.0.0"
      }
    },
    "node_modules/@smithy/middleware-serde": {
      "version": "2.0.12",
      "license": "Apache-2.0",
      "dependencies": {
        "@smithy/types": "^2.4.0",
        "tslib": "^2.5.0"
      },
      "engines": {
        "node": ">=14.0.0"
      }
    },
    "node_modules/@smithy/middleware-stack": {
      "version": "2.0.6",
      "license": "Apache-2.0",
      "dependencies": {
        "@smithy/types": "^2.4.0",
        "tslib": "^2.5.0"
      },
      "engines": {
        "node": ">=14.0.0"
      }
    },
    "node_modules/@smithy/node-config-provider": {
      "version": "2.1.3",
      "license": "Apache-2.0",
      "dependencies": {
        "@smithy/property-provider": "^2.0.13",
        "@smithy/shared-ini-file-loader": "^2.2.2",
        "@smithy/types": "^2.4.0",
        "tslib": "^2.5.0"
      },
      "engines": {
        "node": ">=14.0.0"
      }
    },
    "node_modules/@smithy/node-http-handler": {
      "version": "2.1.8",
      "license": "Apache-2.0",
      "dependencies": {
        "@smithy/abort-controller": "^2.0.12",
        "@smithy/protocol-http": "^3.0.8",
        "@smithy/querystring-builder": "^2.0.12",
        "@smithy/types": "^2.4.0",
        "tslib": "^2.5.0"
      },
      "engines": {
        "node": ">=14.0.0"
      }
    },
    "node_modules/@smithy/property-provider": {
      "version": "2.0.13",
      "license": "Apache-2.0",
      "dependencies": {
        "@smithy/types": "^2.4.0",
        "tslib": "^2.5.0"
      },
      "engines": {
        "node": ">=14.0.0"
      }
    },
    "node_modules/@smithy/protocol-http": {
      "version": "3.0.8",
      "license": "Apache-2.0",
      "dependencies": {
        "@smithy/types": "^2.4.0",
        "tslib": "^2.5.0"
      },
      "engines": {
        "node": ">=14.0.0"
      }
    },
    "node_modules/@smithy/querystring-builder": {
      "version": "2.0.12",
      "license": "Apache-2.0",
      "dependencies": {
        "@smithy/types": "^2.4.0",
        "@smithy/util-uri-escape": "^2.0.0",
        "tslib": "^2.5.0"
      },
      "engines": {
        "node": ">=14.0.0"
      }
    },
    "node_modules/@smithy/querystring-parser": {
      "version": "2.0.12",
      "license": "Apache-2.0",
      "dependencies": {
        "@smithy/types": "^2.4.0",
        "tslib": "^2.5.0"
      },
      "engines": {
        "node": ">=14.0.0"
      }
    },
    "node_modules/@smithy/service-error-classification": {
      "version": "2.0.5",
      "license": "Apache-2.0",
      "dependencies": {
        "@smithy/types": "^2.4.0"
      },
      "engines": {
        "node": ">=14.0.0"
      }
    },
    "node_modules/@smithy/shared-ini-file-loader": {
      "version": "2.2.2",
      "license": "Apache-2.0",
      "dependencies": {
        "@smithy/types": "^2.4.0",
        "tslib": "^2.5.0"
      },
      "engines": {
        "node": ">=14.0.0"
      }
    },
    "node_modules/@smithy/signature-v4": {
      "version": "2.0.12",
      "license": "Apache-2.0",
      "dependencies": {
        "@smithy/eventstream-codec": "^2.0.12",
        "@smithy/is-array-buffer": "^2.0.0",
        "@smithy/types": "^2.4.0",
        "@smithy/util-hex-encoding": "^2.0.0",
        "@smithy/util-middleware": "^2.0.5",
        "@smithy/util-uri-escape": "^2.0.0",
        "@smithy/util-utf8": "^2.0.0",
        "tslib": "^2.5.0"
      },
      "engines": {
        "node": ">=14.0.0"
      }
    },
    "node_modules/@smithy/smithy-client": {
      "version": "2.1.12",
      "license": "Apache-2.0",
      "dependencies": {
        "@smithy/middleware-stack": "^2.0.6",
        "@smithy/types": "^2.4.0",
        "@smithy/util-stream": "^2.0.17",
        "tslib": "^2.5.0"
      },
      "engines": {
        "node": ">=14.0.0"
      }
    },
    "node_modules/@smithy/smithy-client/node_modules/@smithy/util-stream": {
      "version": "2.0.17",
      "resolved": "https://registry.npmjs.org/@smithy/util-stream/-/util-stream-2.0.17.tgz",
      "integrity": "sha512-fP/ZQ27rRvHsqItds8yB7jerwMpZFTL3QqbQbidUiG0+mttMoKdP0ZqnvM8UK5q0/dfc3/pN7g4XKPXOU7oRWw==",
      "dependencies": {
        "@smithy/fetch-http-handler": "^2.2.4",
        "@smithy/node-http-handler": "^2.1.8",
        "@smithy/types": "^2.4.0",
        "@smithy/util-base64": "^2.0.0",
        "@smithy/util-buffer-from": "^2.0.0",
        "@smithy/util-hex-encoding": "^2.0.0",
        "@smithy/util-utf8": "^2.0.0",
        "tslib": "^2.5.0"
      },
      "engines": {
        "node": ">=14.0.0"
      }
    },
    "node_modules/@smithy/types": {
      "version": "2.4.0",
      "license": "Apache-2.0",
      "dependencies": {
        "tslib": "^2.5.0"
      },
      "engines": {
        "node": ">=14.0.0"
      }
    },
    "node_modules/@smithy/url-parser": {
      "version": "2.0.12",
      "license": "Apache-2.0",
      "dependencies": {
        "@smithy/querystring-parser": "^2.0.12",
        "@smithy/types": "^2.4.0",
        "tslib": "^2.5.0"
      }
    },
    "node_modules/@smithy/util-base64": {
      "version": "2.0.0",
      "license": "Apache-2.0",
      "dependencies": {
        "@smithy/util-buffer-from": "^2.0.0",
        "tslib": "^2.5.0"
      },
      "engines": {
        "node": ">=14.0.0"
      }
    },
    "node_modules/@smithy/util-body-length-browser": {
      "version": "2.0.0",
      "license": "Apache-2.0",
      "dependencies": {
        "tslib": "^2.5.0"
      }
    },
    "node_modules/@smithy/util-body-length-node": {
      "version": "2.1.0",
      "license": "Apache-2.0",
      "dependencies": {
        "tslib": "^2.5.0"
      },
      "engines": {
        "node": ">=14.0.0"
      }
    },
    "node_modules/@smithy/util-buffer-from": {
      "version": "2.0.0",
      "license": "Apache-2.0",
      "dependencies": {
        "@smithy/is-array-buffer": "^2.0.0",
        "tslib": "^2.5.0"
      },
      "engines": {
        "node": ">=14.0.0"
      }
    },
    "node_modules/@smithy/util-config-provider": {
      "version": "2.0.0",
      "license": "Apache-2.0",
      "dependencies": {
        "tslib": "^2.5.0"
      },
      "engines": {
        "node": ">=14.0.0"
      }
    },
    "node_modules/@smithy/util-defaults-mode-browser": {
      "version": "2.0.16",
      "license": "Apache-2.0",
      "dependencies": {
        "@smithy/property-provider": "^2.0.13",
        "@smithy/smithy-client": "^2.1.12",
        "@smithy/types": "^2.4.0",
        "bowser": "^2.11.0",
        "tslib": "^2.5.0"
      },
      "engines": {
        "node": ">= 10.0.0"
      }
    },
    "node_modules/@smithy/util-defaults-mode-node": {
      "version": "2.0.21",
      "license": "Apache-2.0",
      "dependencies": {
        "@smithy/config-resolver": "^2.0.16",
        "@smithy/credential-provider-imds": "^2.0.18",
        "@smithy/node-config-provider": "^2.1.3",
        "@smithy/property-provider": "^2.0.13",
        "@smithy/smithy-client": "^2.1.12",
        "@smithy/types": "^2.4.0",
        "tslib": "^2.5.0"
      },
      "engines": {
        "node": ">= 10.0.0"
      }
    },
    "node_modules/@smithy/util-endpoints": {
      "version": "1.0.2",
      "license": "Apache-2.0",
      "dependencies": {
        "@smithy/node-config-provider": "^2.1.3",
        "@smithy/types": "^2.4.0",
        "tslib": "^2.5.0"
      },
      "engines": {
        "node": ">= 14.0.0"
      }
    },
    "node_modules/@smithy/util-hex-encoding": {
      "version": "2.0.0",
      "license": "Apache-2.0",
      "dependencies": {
        "tslib": "^2.5.0"
      },
      "engines": {
        "node": ">=14.0.0"
      }
    },
    "node_modules/@smithy/util-middleware": {
      "version": "2.0.5",
      "license": "Apache-2.0",
      "dependencies": {
        "@smithy/types": "^2.4.0",
        "tslib": "^2.5.0"
      },
      "engines": {
        "node": ">=14.0.0"
      }
    },
    "node_modules/@smithy/util-retry": {
      "version": "2.0.5",
      "license": "Apache-2.0",
      "dependencies": {
        "@smithy/service-error-classification": "^2.0.5",
        "@smithy/types": "^2.4.0",
        "tslib": "^2.5.0"
      },
      "engines": {
        "node": ">= 14.0.0"
      }
    },
    "node_modules/@smithy/util-uri-escape": {
      "version": "2.0.0",
      "license": "Apache-2.0",
      "dependencies": {
        "tslib": "^2.5.0"
      },
      "engines": {
        "node": ">=14.0.0"
      }
    },
    "node_modules/@smithy/util-utf8": {
      "version": "2.0.0",
      "license": "Apache-2.0",
      "dependencies": {
        "@smithy/util-buffer-from": "^2.0.0",
        "tslib": "^2.5.0"
      },
      "engines": {
        "node": ">=14.0.0"
      }
    },
    "node_modules/@smithy/util-waiter": {
      "version": "2.0.12",
      "license": "Apache-2.0",
      "dependencies": {
        "@smithy/abort-controller": "^2.0.12",
        "@smithy/types": "^2.4.0",
        "tslib": "^2.5.0"
      },
      "engines": {
        "node": ">=14.0.0"
      }
    },
    "node_modules/@types/aws-lambda": {
      "version": "8.10.126",
      "dev": true,
      "license": "MIT"
    },
    "node_modules/algoliasearch": {
      "version": "4.20.0",
      "resolved": "https://registry.npmjs.org/algoliasearch/-/algoliasearch-4.20.0.tgz",
      "integrity": "sha512-y+UHEjnOItoNy0bYO+WWmLWBlPwDjKHW6mNHrPi0NkuhpQOOEbrkwQH/wgKFDLh7qlKjzoKeiRtlpewDPDG23g==",
      "dependencies": {
        "@algolia/cache-browser-local-storage": "4.20.0",
        "@algolia/cache-common": "4.20.0",
        "@algolia/cache-in-memory": "4.20.0",
        "@algolia/client-account": "4.20.0",
        "@algolia/client-analytics": "4.20.0",
        "@algolia/client-common": "4.20.0",
        "@algolia/client-personalization": "4.20.0",
        "@algolia/client-search": "4.20.0",
        "@algolia/logger-common": "4.20.0",
        "@algolia/logger-console": "4.20.0",
        "@algolia/requester-browser-xhr": "4.20.0",
        "@algolia/requester-common": "4.20.0",
        "@algolia/requester-node-http": "4.20.0",
        "@algolia/transporter": "4.20.0"
      }
    },
    "node_modules/available-typed-arrays": {
      "version": "1.0.5",
      "license": "MIT",
      "engines": {
        "node": ">= 0.4"
      },
      "funding": {
        "url": "https://github.com/sponsors/ljharb"
      }
    },
    "node_modules/aws-sdk": {
      "version": "2.1492.0",
      "resolved": "https://registry.npmjs.org/aws-sdk/-/aws-sdk-2.1492.0.tgz",
      "integrity": "sha512-3q17ruBkwb3pL87CHSbRlYiwx1LCq7D7hIjHgZ/5SPeKknkXgkHnD20SD2lC8Nj3xGbpIUhoKXcpDAGgIM5DBA==",
      "dependencies": {
        "buffer": "4.9.2",
        "events": "1.1.1",
        "ieee754": "1.1.13",
        "jmespath": "0.16.0",
        "querystring": "0.2.0",
        "sax": "1.2.1",
        "url": "0.10.3",
        "util": "^0.12.4",
        "uuid": "8.0.0",
        "xml2js": "0.5.0"
      },
      "engines": {
        "node": ">= 10.0.0"
      }
    },
    "node_modules/aws-sdk/node_modules/uuid": {
      "version": "8.0.0",
      "license": "MIT",
      "bin": {
        "uuid": "dist/bin/uuid"
      }
    },
    "node_modules/base64-js": {
      "version": "1.5.1",
      "funding": [
        {
          "type": "github",
          "url": "https://github.com/sponsors/feross"
        },
        {
          "type": "patreon",
          "url": "https://www.patreon.com/feross"
        },
        {
          "type": "consulting",
          "url": "https://feross.org/support"
        }
      ],
      "license": "MIT"
    },
    "node_modules/bowser": {
      "version": "2.11.0",
      "license": "MIT"
    },
    "node_modules/buffer": {
      "version": "4.9.2",
      "license": "MIT",
      "dependencies": {
        "base64-js": "^1.0.2",
        "ieee754": "^1.1.4",
        "isarray": "^1.0.0"
      }
    },
    "node_modules/call-bind": {
      "version": "1.0.5",
      "license": "MIT",
      "dependencies": {
        "function-bind": "^1.1.2",
        "get-intrinsic": "^1.2.1",
        "set-function-length": "^1.1.1"
      },
      "funding": {
        "url": "https://github.com/sponsors/ljharb"
      }
    },
    "node_modules/define-data-property": {
      "version": "1.1.1",
      "license": "MIT",
      "dependencies": {
        "get-intrinsic": "^1.2.1",
        "gopd": "^1.0.1",
        "has-property-descriptors": "^1.0.0"
      },
      "engines": {
        "node": ">= 0.4"
      }
    },
    "node_modules/events": {
      "version": "1.1.1",
      "license": "MIT",
      "engines": {
        "node": ">=0.4.x"
      }
    },
    "node_modules/fast-xml-parser": {
      "version": "4.2.5",
      "funding": [
        {
          "type": "paypal",
          "url": "https://paypal.me/naturalintelligence"
        },
        {
          "type": "github",
          "url": "https://github.com/sponsors/NaturalIntelligence"
        }
      ],
      "license": "MIT",
      "dependencies": {
        "strnum": "^1.0.5"
      },
      "bin": {
        "fxparser": "src/cli/cli.js"
      }
    },
    "node_modules/for-each": {
      "version": "0.3.3",
      "license": "MIT",
      "dependencies": {
        "is-callable": "^1.1.3"
      }
    },
    "node_modules/function-bind": {
      "version": "1.1.2",
      "license": "MIT",
      "funding": {
        "url": "https://github.com/sponsors/ljharb"
      }
    },
    "node_modules/get-intrinsic": {
      "version": "1.2.2",
      "license": "MIT",
      "dependencies": {
        "function-bind": "^1.1.2",
        "has-proto": "^1.0.1",
        "has-symbols": "^1.0.3",
        "hasown": "^2.0.0"
      },
      "funding": {
        "url": "https://github.com/sponsors/ljharb"
      }
    },
    "node_modules/gopd": {
      "version": "1.0.1",
      "license": "MIT",
      "dependencies": {
        "get-intrinsic": "^1.1.3"
      },
      "funding": {
        "url": "https://github.com/sponsors/ljharb"
      }
    },
    "node_modules/has-property-descriptors": {
      "version": "1.0.1",
      "license": "MIT",
      "dependencies": {
        "get-intrinsic": "^1.2.2"
      },
      "funding": {
        "url": "https://github.com/sponsors/ljharb"
      }
    },
    "node_modules/has-proto": {
      "version": "1.0.1",
      "license": "MIT",
      "engines": {
        "node": ">= 0.4"
      },
      "funding": {
        "url": "https://github.com/sponsors/ljharb"
      }
    },
    "node_modules/has-symbols": {
      "version": "1.0.3",
      "license": "MIT",
      "engines": {
        "node": ">= 0.4"
      },
      "funding": {
        "url": "https://github.com/sponsors/ljharb"
      }
    },
    "node_modules/has-tostringtag": {
      "version": "1.0.0",
      "license": "MIT",
      "dependencies": {
        "has-symbols": "^1.0.2"
      },
      "engines": {
        "node": ">= 0.4"
      },
      "funding": {
        "url": "https://github.com/sponsors/ljharb"
      }
    },
    "node_modules/hasown": {
      "version": "2.0.0",
      "license": "MIT",
      "dependencies": {
        "function-bind": "^1.1.2"
      },
      "engines": {
        "node": ">= 0.4"
      }
    },
    "node_modules/ieee754": {
      "version": "1.1.13",
      "license": "BSD-3-Clause"
    },
    "node_modules/inherits": {
      "version": "2.0.4",
      "license": "ISC"
    },
    "node_modules/is-arguments": {
      "version": "1.1.1",
      "license": "MIT",
      "dependencies": {
        "call-bind": "^1.0.2",
        "has-tostringtag": "^1.0.0"
      },
      "engines": {
        "node": ">= 0.4"
      },
      "funding": {
        "url": "https://github.com/sponsors/ljharb"
      }
    },
    "node_modules/is-callable": {
      "version": "1.2.7",
      "license": "MIT",
      "engines": {
        "node": ">= 0.4"
      },
      "funding": {
        "url": "https://github.com/sponsors/ljharb"
      }
    },
    "node_modules/is-generator-function": {
      "version": "1.0.10",
      "license": "MIT",
      "dependencies": {
        "has-tostringtag": "^1.0.0"
      },
      "engines": {
        "node": ">= 0.4"
      },
      "funding": {
        "url": "https://github.com/sponsors/ljharb"
      }
    },
    "node_modules/is-typed-array": {
      "version": "1.1.12",
      "license": "MIT",
      "dependencies": {
        "which-typed-array": "^1.1.11"
      },
      "engines": {
        "node": ">= 0.4"
      },
      "funding": {
        "url": "https://github.com/sponsors/ljharb"
      }
    },
    "node_modules/isarray": {
      "version": "1.0.0",
      "license": "MIT"
    },
    "node_modules/jmespath": {
      "version": "0.16.0",
      "license": "Apache-2.0",
      "engines": {
        "node": ">= 0.6.0"
      }
    },
    "node_modules/mnemonist": {
      "version": "0.38.3",
      "license": "MIT",
      "dependencies": {
        "obliterator": "^1.6.1"
      }
    },
    "node_modules/obliterator": {
      "version": "1.6.1",
      "license": "MIT"
    },
    "node_modules/punycode": {
      "version": "1.3.2",
      "license": "MIT"
    },
    "node_modules/querystring": {
      "version": "0.2.0",
      "engines": {
        "node": ">=0.4.x"
      }
    },
    "node_modules/sax": {
      "version": "1.2.1",
      "license": "ISC"
    },
    "node_modules/set-function-length": {
      "version": "1.1.1",
      "license": "MIT",
      "dependencies": {
        "define-data-property": "^1.1.1",
        "get-intrinsic": "^1.2.1",
        "gopd": "^1.0.1",
        "has-property-descriptors": "^1.0.0"
      },
      "engines": {
        "node": ">= 0.4"
      }
    },
    "node_modules/strnum": {
      "version": "1.0.5",
      "license": "MIT"
    },
    "node_modules/tslib": {
      "version": "2.6.2",
      "license": "0BSD"
    },
    "node_modules/url": {
      "version": "0.10.3",
      "license": "MIT",
      "dependencies": {
        "punycode": "1.3.2",
        "querystring": "0.2.0"
      }
    },
    "node_modules/util": {
      "version": "0.12.5",
      "license": "MIT",
      "dependencies": {
        "inherits": "^2.0.3",
        "is-arguments": "^1.0.4",
        "is-generator-function": "^1.0.7",
        "is-typed-array": "^1.1.3",
        "which-typed-array": "^1.1.2"
      }
    },
    "node_modules/uuid": {
      "version": "8.3.2",
      "license": "MIT",
      "bin": {
        "uuid": "dist/bin/uuid"
      }
    },
    "node_modules/which-typed-array": {
      "version": "1.1.13",
      "license": "MIT",
      "dependencies": {
        "available-typed-arrays": "^1.0.5",
        "call-bind": "^1.0.4",
        "for-each": "^0.3.3",
        "gopd": "^1.0.1",
        "has-tostringtag": "^1.0.0"
      },
      "engines": {
        "node": ">= 0.4"
      },
      "funding": {
        "url": "https://github.com/sponsors/ljharb"
      }
    },
    "node_modules/xml2js": {
      "version": "0.5.0",
      "license": "MIT",
      "dependencies": {
        "sax": ">=0.6.0",
        "xmlbuilder": "~11.0.0"
      },
      "engines": {
        "node": ">=4.0.0"
      }
    },
    "node_modules/xmlbuilder": {
      "version": "11.0.1",
      "license": "MIT",
      "engines": {
        "node": ">=4.0"
      }
    }
  }
}
